
Microsoft Visual Studio Solution File, Format Version 12.00
# Visual Studio Version 16
VisualStudioVersion = 16.0.30907.101
MinimumVisualStudioVersion = 10.0.40219.1
Project("{FAE04EC0-301F-11D3-BF4B-00C04F79EFBC}") = "OpheliasOasis", "OpheliasOasis\OpheliasOasis.csproj", "{C4099E2A-E163-423C-ACC3-BFE5CC93ADF7}"
EndProject
Global
	GlobalSection(SolutionConfigurationPlatforms) = preSolution
		Debug|Any CPU = Debug|Any CPU
		Release|Any CPU = Release|Any CPU
	EndGlobalSection
	GlobalSection(ProjectConfigurationPlatforms) = postSolution
		{C4099E2A-E163-423C-ACC3-BFE5CC93ADF7}.Debug|Any CPU.ActiveCfg = Debug|Any CPU
		{C4099E2A-E163-423C-ACC3-BFE5CC93ADF7}.Debug|Any CPU.Build.0 = Debug|Any CPU
		{C4099E2A-E163-423C-ACC3-BFE5CC93ADF7}.Release|Any CPU.ActiveCfg = Release|Any CPU
		{C4099E2A-E163-423C-ACC3-BFE5CC93ADF7}.Release|Any CPU.Build.0 = Release|Any CPU
	EndGlobalSection
	GlobalSection(SolutionProperties) = preSolution
		HideSolutionNode = FALSE
	EndGlobalSection
	GlobalSection(ExtensibilityGlobals) = postSolution
		SolutionGuid = {2EA9F78E-6862-401A-9917-8C4860209C16}
	EndGlobalSection
EndGlobal
